{
  "name": "monorepo-ts",
  "version": "2.0.0",
  "lockfileVersion": 2,
  "requires": true,
  "packages": {
    "": {
      "name": "monorepo-ts",
      "version": "2.0.0",
      "license": "MIT",
      "workspaces": [
        "packages/*"
      ],
      "devDependencies": {}
    },
    "node_modules/@monorepo-ts/app": {
      "resolved": "packages/app",
      "link": true
    },
    "node_modules/@monorepo-ts/first": {
      "resolved": "packages/first",
      "link": true
    },
    "node_modules/@monorepo-ts/second": {
      "resolved": "packages/second",
      "link": true
    },
    "packages/app": {
      "version": "2.0.0",
      "license": "MIT",
      "dependencies": {
        "@monorepo-ts/first": "^2.0.0",
        "@monorepo-ts/second": "^2.0.0"
      }
    },
    "packages/first": {
      "version": "2.0.0",
      "license": "MIT"
    },
    "packages/second": {
      "version": "2.0.0",
      "license": "MIT"
    }
  },
  "dependencies": {
    "@monorepo-ts/app": {
      "version": "file:packages/app",
      "requires": {
        "@monorepo-ts/first": "^2.0.0",
        "@monorepo-ts/second": "^2.0.0"
      }
    },
    "@monorepo-ts/first": {
      "version": "file:packages/first"
    },
    "@monorepo-ts/second": {
      "version": "file:packages/second"
    }
  }
}
